
Microsoft Visual Studio Solution File, Format Version 12.00
# Visual Studio Version 17
VisualStudioVersion = 17.13.35931.197 d17.13
MinimumVisualStudioVersion = 10.0.40219.1
Project("{FAE04EC0-301F-11D3-BF4B-00C04F79EFBC}") = "Namespace", "Namespace\Namespace.csproj", "{623BF89D-EFE4-4B43-B955-10C040AE9FDC}"
EndProject
Project("{FAE04EC0-301F-11D3-BF4B-00C04F79EFBC}") = "Namespace2", "Namespace2\Namespace2.csproj", "{54956F0D-2732-4C5C-B449-D3E5F7565C7B}"
EndProject
Project("{FAE04EC0-301F-11D3-BF4B-00C04F79EFBC}") = "DLL(Library)", "DLL(Library)\DLL(Library).csproj", "{C77081D7-40A1-47E3-A464-328EED117D41}"
EndProject
Global
	GlobalSection(SolutionConfigurationPlatforms) = preSolution
		Debug|Any CPU = Debug|Any CPU
		Release|Any CPU = Release|Any CPU
	EndGlobalSection
	GlobalSection(ProjectConfigurationPlatforms) = postSolution
		{623BF89D-EFE4-4B43-B955-10C040AE9FDC}.Debug|Any CPU.ActiveCfg = Debug|Any CPU
		{623BF89D-EFE4-4B43-B955-10C040AE9FDC}.Debug|Any CPU.Build.0 = Debug|Any CPU
		{623BF89D-EFE4-4B43-B955-10C040AE9FDC}.Release|Any CPU.ActiveCfg = Release|Any CPU
		{623BF89D-EFE4-4B43-B955-10C040AE9FDC}.Release|Any CPU.Build.0 = Release|Any CPU
		{54956F0D-2732-4C5C-B449-D3E5F7565C7B}.Debug|Any CPU.ActiveCfg = Debug|Any CPU
		{54956F0D-2732-4C5C-B449-D3E5F7565C7B}.Debug|Any CPU.Build.0 = Debug|Any CPU
		{54956F0D-2732-4C5C-B449-D3E5F7565C7B}.Release|Any CPU.ActiveCfg = Release|Any CPU
		{54956F0D-2732-4C5C-B449-D3E5F7565C7B}.Release|Any CPU.Build.0 = Release|Any CPU
		{C77081D7-40A1-47E3-A464-328EED117D41}.Debug|Any CPU.ActiveCfg = Debug|Any CPU
		{C77081D7-40A1-47E3-A464-328EED117D41}.Debug|Any CPU.Build.0 = Debug|Any CPU
		{C77081D7-40A1-47E3-A464-328EED117D41}.Release|Any CPU.ActiveCfg = Release|Any CPU
		{C77081D7-40A1-47E3-A464-328EED117D41}.Release|Any CPU.Build.0 = Release|Any CPU
	EndGlobalSection
	GlobalSection(SolutionProperties) = preSolution
		HideSolutionNode = FALSE
	EndGlobalSection
	GlobalSection(ExtensibilityGlobals) = postSolution
		SolutionGuid = {03186BAF-3EA4-4547-9EDA-BA736AE16C78}
	EndGlobalSection
EndGlobal
