
Microsoft Visual Studio Solution File, Format Version 12.00
# Visual Studio Version 17
VisualStudioVersion = 17.13.35931.197 d17.13
MinimumVisualStudioVersion = 10.0.40219.1
Project("{FAE04EC0-301F-11D3-BF4B-00C04F79EFBC}") = "Structure", "Structure\Structure.csproj", "{DA3CB8E9-B284-48EE-B537-E5C698EC828A}"
EndProject
Global
	GlobalSection(SolutionConfigurationPlatforms) = preSolution
		Debug|Any CPU = Debug|Any CPU
		Release|Any CPU = Release|Any CPU
	EndGlobalSection
	GlobalSection(ProjectConfigurationPlatforms) = postSolution
		{DA3CB8E9-B284-48EE-B537-E5C698EC828A}.Debug|Any CPU.ActiveCfg = Debug|Any CPU
		{DA3CB8E9-B284-48EE-B537-E5C698EC828A}.Debug|Any CPU.Build.0 = Debug|Any CPU
		{DA3CB8E9-B284-48EE-B537-E5C698EC828A}.Release|Any CPU.ActiveCfg = Release|Any CPU
		{DA3CB8E9-B284-48EE-B537-E5C698EC828A}.Release|Any CPU.Build.0 = Release|Any CPU
	EndGlobalSection
	GlobalSection(SolutionProperties) = preSolution
		HideSolutionNode = FALSE
	EndGlobalSection
	GlobalSection(ExtensibilityGlobals) = postSolution
		SolutionGuid = {91A2238B-04CB-4E63-B9D4-3C979EE03BC4}
	EndGlobalSection
EndGlobal
