
Microsoft Visual Studio Solution File, Format Version 12.00
# Visual Studio Version 17
VisualStudioVersion = 17.13.35931.197 d17.13
MinimumVisualStudioVersion = 10.0.40219.1
Project("{FAE04EC0-301F-11D3-BF4B-00C04F79EFBC}") = "MethodOverriding", "MethodOverriding\MethodOverriding.csproj", "{A84FEEAE-DDEC-4018-9130-88BA47CC9151}"
EndProject
Global
	GlobalSection(SolutionConfigurationPlatforms) = preSolution
		Debug|Any CPU = Debug|Any CPU
		Release|Any CPU = Release|Any CPU
	EndGlobalSection
	GlobalSection(ProjectConfigurationPlatforms) = postSolution
		{A84FEEAE-DDEC-4018-9130-88BA47CC9151}.Debug|Any CPU.ActiveCfg = Debug|Any CPU
		{A84FEEAE-DDEC-4018-9130-88BA47CC9151}.Debug|Any CPU.Build.0 = Debug|Any CPU
		{A84FEEAE-DDEC-4018-9130-88BA47CC9151}.Release|Any CPU.ActiveCfg = Release|Any CPU
		{A84FEEAE-DDEC-4018-9130-88BA47CC9151}.Release|Any CPU.Build.0 = Release|Any CPU
	EndGlobalSection
	GlobalSection(SolutionProperties) = preSolution
		HideSolutionNode = FALSE
	EndGlobalSection
	GlobalSection(ExtensibilityGlobals) = postSolution
		SolutionGuid = {FE9C1087-C8BE-47B3-BB13-55B71E59275F}
	EndGlobalSection
EndGlobal
