
Microsoft Visual Studio Solution File, Format Version 12.00
# Visual Studio Version 17
VisualStudioVersion = 17.13.35931.197 d17.13
MinimumVisualStudioVersion = 10.0.40219.1
Project("{FAE04EC0-301F-11D3-BF4B-00C04F79EFBC}") = "Interface", "Interface\Interface.csproj", "{8815343A-71E2-44A2-9B2D-C8B73C8BB8D1}"
EndProject
Global
	GlobalSection(SolutionConfigurationPlatforms) = preSolution
		Debug|Any CPU = Debug|Any CPU
		Release|Any CPU = Release|Any CPU
	EndGlobalSection
	GlobalSection(ProjectConfigurationPlatforms) = postSolution
		{8815343A-71E2-44A2-9B2D-C8B73C8BB8D1}.Debug|Any CPU.ActiveCfg = Debug|Any CPU
		{8815343A-71E2-44A2-9B2D-C8B73C8BB8D1}.Debug|Any CPU.Build.0 = Debug|Any CPU
		{8815343A-71E2-44A2-9B2D-C8B73C8BB8D1}.Release|Any CPU.ActiveCfg = Release|Any CPU
		{8815343A-71E2-44A2-9B2D-C8B73C8BB8D1}.Release|Any CPU.Build.0 = Release|Any CPU
	EndGlobalSection
	GlobalSection(SolutionProperties) = preSolution
		HideSolutionNode = FALSE
	EndGlobalSection
	GlobalSection(ExtensibilityGlobals) = postSolution
		SolutionGuid = {3A6177B2-758F-4568-96A2-F36ED7AABA3F}
	EndGlobalSection
EndGlobal
